{
  "name": "dotenv-editor-cli",
  "version": "1.0.0",
  "lockfileVersion": 2,
  "requires": true,
  "packages": {
    "": {
      "name": "dotenv-editor-cli",
      "version": "1.0.0",
      "license": "ISC",
      "dependencies": {
        "update-dotenv": "^1.1.1"
      },
      "bin": {
        "dotenv-editor-cli": "cli.js"
      }
    },
    "node_modules/dotenv": {
      "version": "16.0.3",
      "resolved": "https://registry.npmjs.org/dotenv/-/dotenv-16.0.3.tgz",
      "integrity": "sha512-7GO6HghkA5fYG9TYnNxi14/7K9f5occMlp3zXAuSxn7CKCxt9xbNWG7yF8hTCSUchlfWSe3uLmlPfigevRItzQ==",
      "peer": true,
      "engines": {
        "node": ">=12"
      }
    },
    "node_modules/update-dotenv": {
      "version": "1.1.1",
      "resolved": "https://registry.npmjs.org/update-dotenv/-/update-dotenv-1.1.1.tgz",
      "integrity": "sha512-3cIC18In/t0X/yH793c00qqxcKD8jVCgNOPif/fGQkFpYMGecM9YAc+kaAKXuZsM2dE9I9wFI7KvAuNX22SGMQ==",
      "peerDependencies": {
        "dotenv": "*"
      }
    }
  },
  "dependencies": {
    "dotenv": {
      "version": "16.0.3",
      "resolved": "https://registry.npmjs.org/dotenv/-/dotenv-16.0.3.tgz",
      "integrity": "sha512-7GO6HghkA5fYG9TYnNxi14/7K9f5occMlp3zXAuSxn7CKCxt9xbNWG7yF8hTCSUchlfWSe3uLmlPfigevRItzQ==",
      "peer": true
    },
    "update-dotenv": {
      "version": "1.1.1",
      "resolved": "https://registry.npmjs.org/update-dotenv/-/update-dotenv-1.1.1.tgz",
      "integrity": "sha512-3cIC18In/t0X/yH793c00qqxcKD8jVCgNOPif/fGQkFpYMGecM9YAc+kaAKXuZsM2dE9I9wFI7KvAuNX22SGMQ==",
      "requires": {}
    }
  }
}
